# THIS IS AN AUTOGENERATED FILE. DO NOT EDIT THIS FILE DIRECTLY.
# yarn lockfile v1


"@babel/code-frame@^7.0.0":
  version "7.14.5"
  dependencies:
    "@babel/highlight" "^7.14.5"

"@babel/helper-validator-identifier@^7.14.5":
  version "7.14.9"

"@babel/highlight@^7.14.5":
  version "7.14.5"
  dependencies:
    "@babel/helper-validator-identifier" "^7.14.5"
    chalk "^2.0.0"
    js-tokens "^4.0.0"

"@cspotcode/source-map-support@^0.8.0":
  version "0.8.1"
  dependencies:
    "@jridgewell/trace-mapping" "0.3.9"

"@jridgewell/resolve-uri@^3.0.3":
  version "3.1.0"

"@jridgewell/sourcemap-codec@^1.4.10":
  version "1.4.14"

"@jridgewell/trace-mapping@0.3.9":
  version "0.3.9"
  dependencies:
    "@jridgewell/resolve-uri" "^3.0.3"
    "@jridgewell/sourcemap-codec" "^1.4.10"

"@sourcemeta/jsonschema@^11.8.2":
  version "11.8.2"

"@tsconfig/node10@^1.0.7":
  version "1.0.8"

"@tsconfig/node12@^1.0.7":
  version "1.0.9"

"@tsconfig/node14@^1.0.0":
  version "1.0.1"

"@tsconfig/node16@^1.0.2":
  version "1.0.2"

"@types/chai@^4.2.21":
  version "4.2.21"

"@types/glob@^7.1.4":
  version "7.1.4"
  dependencies:
    "@types/minimatch" "*"
    "@types/node" "*"

"@types/json-schema@^7.0.9":
  version "7.0.9"

"@types/minimatch@*":
  version "3.0.5"

"@types/mocha@^9.0.0":
  version "9.0.0"

"@types/node@*", "@types/node@^18.11.9":
  version "18.19.43"
  dependencies:
    undici-types "~5.26.4"

"@ungap/promise-all-settled@1.1.2":
  version "1.1.2"

acorn-walk@^8.1.1:
  version "8.2.0"

acorn@^8.4.1:
  version "8.5.0"

ajv-formats@^2.1.1:
  version "2.1.1"
  dependencies:
    ajv "^8.0.0"

ajv@^8.0.0, ajv@^8.6.3:
  version "8.6.3"
  dependencies:
    fast-deep-equal "^3.1.1"
    json-schema-traverse "^1.0.0"
    require-from-string "^2.0.2"
    uri-js "^4.2.2"

ansi-colors@4.1.1:
  version "4.1.1"

ansi-regex@^5.0.1:
  version "5.0.1"

ansi-styles@^3.2.1:
  version "3.2.1"
  dependencies:
    color-convert "^1.9.0"

ansi-styles@^4.0.0, ansi-styles@^4.1.0:
  version "4.3.0"
  dependencies:
    color-convert "^2.0.1"

anymatch@~3.1.2:
  version "3.1.2"
  dependencies:
    normalize-path "^3.0.0"
    picomatch "^2.0.4"

arg@^4.1.0:
  version "4.1.3"

argparse@^1.0.7:
  version "1.0.10"
  dependencies:
    sprintf-js "~1.0.2"

argparse@^2.0.1:
  version "2.0.1"

assertion-error@^1.1.0:
  version "1.1.0"

balanced-match@^1.0.0:
  version "1.0.2"

binary-extensions@^2.0.0:
  version "2.2.0"

brace-expansion@^1.1.7:
  version "1.1.11"
  dependencies:
    balanced-match "^1.0.0"
    concat-map "0.0.1"

braces@~3.0.2:
  version "3.0.2"
  dependencies:
    fill-range "^7.0.1"

browser-stdout@1.3.1:
  version "1.3.1"

buffer-from@^1.0.0:
  version "1.1.2"

builtin-modules@^1.1.1:
  version "1.1.1"

camelcase@^6.0.0:
  version "6.3.0"

chai@^4.3.4:
  version "4.5.0"
  dependencies:
    assertion-error "^1.1.0"
    check-error "^1.0.3"
    deep-eql "^4.1.3"
    get-func-name "^2.0.2"
    loupe "^2.3.6"
    pathval "^1.1.1"
    type-detect "^4.1.0"

chalk@^2.0.0, chalk@^2.3.0:
  version "2.4.2"
  dependencies:
    ansi-styles "^3.2.1"
    escape-string-regexp "^1.0.5"
    supports-color "^5.3.0"

chalk@^4.1.0:
  version "4.1.2"
  dependencies:
    ansi-styles "^4.1.0"
    supports-color "^7.1.0"

check-error@^1.0.3:
  version "1.0.3"
  dependencies:
    get-func-name "^2.0.2"

chokidar@3.5.3:
  version "3.5.3"
  dependencies:
    anymatch "~3.1.2"
    braces "~3.0.2"
    glob-parent "~5.1.2"
    is-binary-path "~2.1.0"
    is-glob "~4.0.1"
    normalize-path "~3.0.0"
    readdirp "~3.6.0"
  optionalDependencies:
    fsevents "~2.3.2"

cliui@^7.0.2:
  version "7.0.4"
  dependencies:
    string-width "^4.2.0"
    strip-ansi "^6.0.0"
    wrap-ansi "^7.0.0"

cliui@^8.0.1:
  version "8.0.1"
  dependencies:
    string-width "^4.2.0"
    strip-ansi "^6.0.1"
    wrap-ansi "^7.0.0"

color-convert@^1.9.0:
  version "1.9.3"
  dependencies:
    color-name "1.1.3"

color-convert@^2.0.1:
  version "2.0.1"
  dependencies:
    color-name "~1.1.4"

color-name@~1.1.4:
  version "1.1.4"

color-name@1.1.3:
  version "1.1.3"

commander@^2.12.1:
  version "2.20.3"

concat-map@0.0.1:
  version "0.0.1"

create-require@^1.1.0:
  version "1.1.1"

debug@4.3.3:
  version "4.3.3"
  dependencies:
    ms "2.1.2"

decamelize@^4.0.0:
  version "4.0.0"

deep-eql@^4.1.3:
  version "4.1.4"
  dependencies:
    type-detect "^4.0.0"

diff@^4.0.1:
  version "4.0.2"

diff@5.0.0:
  version "5.0.0"

emoji-regex@^8.0.0:
  version "8.0.0"

escalade@^3.1.1:
  version "3.2.0"

escape-string-regexp@^1.0.5:
  version "1.0.5"

escape-string-regexp@4.0.0:
  version "4.0.0"

esprima@^4.0.0:
  version "4.0.1"

fast-deep-equal@^3.1.1:
  version "3.1.3"

fill-range@^7.0.1:
  version "7.1.1"
  dependencies:
    to-regex-range "^5.0.1"

find-up@5.0.0:
  version "5.0.0"
  dependencies:
    locate-path "^6.0.0"
    path-exists "^4.0.0"

flat@^5.0.2:
  version "5.0.2"

fs.realpath@^1.0.0:
  version "1.0.0"

function-bind@^1.1.2:
  version "1.1.2"

get-caller-file@^2.0.5:
  version "2.0.5"

get-func-name@^2.0.1, get-func-name@^2.0.2:
  version "2.0.2"

glob-parent@~5.1.2:
  version "5.1.2"
  dependencies:
    is-glob "^4.0.1"

glob@^7.1.1, glob@^7.1.7:
  version "7.2.3"
  dependencies:
    fs.realpath "^1.0.0"
    inflight "^1.0.4"
    inherits "2"
    minimatch "^3.1.1"
    once "^1.3.0"
    path-is-absolute "^1.0.0"

glob@7.2.0:
  version "7.2.0"
  dependencies:
    fs.realpath "^1.0.0"
    inflight "^1.0.4"
    inherits "2"
    minimatch "^3.0.4"
    once "^1.3.0"
    path-is-absolute "^1.0.0"

growl@1.10.5:
  version "1.10.5"

has-flag@^3.0.0:
  version "3.0.0"

has-flag@^4.0.0:
  version "4.0.0"

hasown@^2.0.2:
  version "2.0.2"
  dependencies:
    function-bind "^1.1.2"

he@1.2.0:
  version "1.2.0"

inflight@^1.0.4:
  version "1.0.6"
  dependencies:
    once "^1.3.0"
    wrappy "1"

inherits@2:
  version "2.0.4"

is-binary-path@~2.1.0:
  version "2.1.0"
  dependencies:
    binary-extensions "^2.0.0"

is-core-module@^2.16.0:
  version "2.16.1"
  dependencies:
    hasown "^2.0.2"

is-extglob@^2.1.1:
  version "2.1.1"

is-fullwidth-code-point@^3.0.0:
  version "3.0.0"

is-glob@^4.0.1, is-glob@~4.0.1:
  version "4.0.3"
  dependencies:
    is-extglob "^2.1.1"

is-number@^7.0.0:
  version "7.0.0"

is-plain-obj@^2.1.0:
  version "2.1.0"

is-unicode-supported@^0.1.0:
  version "0.1.0"

isexe@^2.0.0:
  version "2.0.0"

js-tokens@^4.0.0:
  version "4.0.0"

js-yaml@^3.13.1:
  version "3.14.1"
  dependencies:
    argparse "^1.0.7"
    esprima "^4.0.0"

js-yaml@4.1.0:
  version "4.1.0"
  dependencies:
    argparse "^2.0.1"

json-schema-traverse@^1.0.0:
  version "1.0.0"

locate-path@^6.0.0:
  version "6.0.0"
  dependencies:
    p-locate "^5.0.0"

log-symbols@4.1.0:
  version "4.1.0"
  dependencies:
    chalk "^4.1.0"
    is-unicode-supported "^0.1.0"

loupe@^2.3.6:
  version "2.3.7"
  dependencies:
    get-func-name "^2.0.1"

make-error@^1.1.1:
  version "1.3.6"

minimatch@^3.0.4, minimatch@^3.1.1:
  version "3.1.2"
  dependencies:
    brace-expansion "^1.1.7"

minimatch@4.2.1:
  version "4.2.1"
  dependencies:
    brace-expansion "^1.1.7"

minimist@^1.2.6:
  version "1.2.8"

mkdirp@^0.5.3:
  version "0.5.6"
  dependencies:
    minimist "^1.2.6"

mocha@^9.1.3:
  version "9.2.2"
  dependencies:
    "@ungap/promise-all-settled" "1.1.2"
    ansi-colors "4.1.1"
    browser-stdout "1.3.1"
    chokidar "3.5.3"
    debug "4.3.3"
    diff "5.0.0"
    escape-string-regexp "4.0.0"
    find-up "5.0.0"
    glob "7.2.0"
    growl "1.10.5"
    he "1.2.0"
    js-yaml "4.1.0"
    log-symbols "4.1.0"
    minimatch "4.2.1"
    ms "2.1.3"
    nanoid "3.3.1"
    serialize-javascript "6.0.0"
    strip-json-comments "3.1.1"
    supports-color "8.1.1"
    which "2.0.2"
    workerpool "6.2.0"
    yargs "16.2.0"
    yargs-parser "20.2.4"
    yargs-unparser "2.0.0"

ms@2.1.2:
  version "2.1.2"

ms@2.1.3:
  version "2.1.3"

nanoid@3.3.1:
  version "3.3.1"

normalize-path@^3.0.0, normalize-path@~3.0.0:
  version "3.0.0"

once@^1.3.0:
  version "1.4.0"
  dependencies:
    wrappy "1"

p-limit@^3.0.2:
  version "3.1.0"
  dependencies:
    yocto-queue "^0.1.0"

p-locate@^5.0.0:
  version "5.0.0"
  dependencies:
    p-limit "^3.0.2"

path-equal@^1.2.5:
  version "1.2.5"

path-exists@^4.0.0:
  version "4.0.0"

path-is-absolute@^1.0.0:
  version "1.0.1"

path-parse@^1.0.7:
  version "1.0.7"

pathval@^1.1.1:
  version "1.1.1"

picomatch@^2.0.4, picomatch@^2.2.1:
  version "2.3.1"

prettier@^2.4.1:
  version "2.8.8"

punycode@^2.1.0:
  version "2.3.1"

randombytes@^2.1.0:
  version "2.1.0"
  dependencies:
    safe-buffer "^5.1.0"

readdirp@~3.6.0:
  version "3.6.0"
  dependencies:
    picomatch "^2.2.1"

require-directory@^2.1.1:
  version "2.1.1"

require-from-string@^2.0.2:
  version "2.0.2"

resolve@^1.3.2:
  version "1.22.10"
  dependencies:
    is-core-module "^2.16.0"
    path-parse "^1.0.7"
    supports-preserve-symlinks-flag "^1.0.0"

safe-buffer@^5.1.0:
  version "5.2.1"

safe-stable-stringify@^2.2.0:
  version "2.5.0"

semver@^5.3.0:
  version "5.7.2"

serialize-javascript@6.0.0:
  version "6.0.0"
  dependencies:
    randombytes "^2.1.0"

source-map-support@^0.5.20:
  version "0.5.21"
  dependencies:
    buffer-from "^1.0.0"
    source-map "^0.6.0"

source-map@^0.6.0:
  version "0.6.1"

sprintf-js@~1.0.2:
  version "1.0.3"

string-width@^4.1.0, string-width@^4.2.0, string-width@^4.2.3:
  version "4.2.3"
  dependencies:
    emoji-regex "^8.0.0"
    is-fullwidth-code-point "^3.0.0"
    strip-ansi "^6.0.1"

strip-ansi@^6.0.0, strip-ansi@^6.0.1:
  version "6.0.1"
  dependencies:
    ansi-regex "^5.0.1"

strip-json-comments@3.1.1:
  version "3.1.1"

supports-color@^5.3.0:
  version "5.5.0"
  dependencies:
    has-flag "^3.0.0"

supports-color@^7.1.0:
  version "7.2.0"
  dependencies:
    has-flag "^4.0.0"

supports-color@8.1.1:
  version "8.1.1"
  dependencies:
    has-flag "^4.0.0"

supports-preserve-symlinks-flag@^1.0.0:
  version "1.0.0"

to-regex-range@^5.0.1:
  version "5.0.1"
  dependencies:
    is-number "^7.0.0"

ts-node@^10.9.1:
  version "10.9.2"
  dependencies:
    "@cspotcode/source-map-support" "^0.8.0"
    "@tsconfig/node10" "^1.0.7"
    "@tsconfig/node12" "^1.0.7"
    "@tsconfig/node14" "^1.0.0"
    "@tsconfig/node16" "^1.0.2"
    acorn "^8.4.1"
    acorn-walk "^8.1.1"
    arg "^4.1.0"
    create-require "^1.1.0"
    diff "^4.0.1"
    make-error "^1.1.1"
    v8-compile-cache-lib "^3.0.1"
    yn "3.1.1"

tslib@^1.13.0, tslib@^1.8.1:
  version "1.14.1"

tslint@^6.1.3:
  version "6.1.3"
  dependencies:
    "@babel/code-frame" "^7.0.0"
    builtin-modules "^1.1.1"
    chalk "^2.3.0"
    commander "^2.12.1"
    diff "^4.0.1"
    glob "^7.1.1"
    js-yaml "^3.13.1"
    minimatch "^3.0.4"
    mkdirp "^0.5.3"
    resolve "^1.3.2"
    semver "^5.3.0"
    tslib "^1.13.0"
    tsutils "^2.29.0"

tsutils@^2.29.0:
  version "2.29.0"
  dependencies:
    tslib "^1.8.1"

type-detect@^4.0.0, type-detect@^4.1.0:
  version "4.1.0"

"typescript@>=2.1.0 || >=2.1.0-dev || >=2.2.0-dev || >=2.3.0-dev || >=2.4.0-dev || >=2.5.0-dev || >=2.6.0-dev || >=2.7.0-dev || >=2.8.0-dev || >=2.9.0-dev || >= 3.0.0-dev || >= 3.1.0-dev", "typescript@>=2.3.0-dev || >=2.4.0-dev || >=2.5.0-dev || >=2.6.0-dev || >=2.7.0-dev || >=2.8.0-dev || >=2.9.0-dev || >=3.0.0-dev || >= 3.1.0-dev || >= 3.2.0-dev || >= 4.0.0-dev", typescript@>=2.7, typescript@~5.5.0:
  version "5.5.4"

undici-types@~5.26.4:
  version "5.26.5"

uri-js@^4.2.2:
  version "4.4.1"
  dependencies:
    punycode "^2.1.0"

v8-compile-cache-lib@^3.0.1:
  version "3.0.1"

which@2.0.2:
  version "2.0.2"
  dependencies:
    isexe "^2.0.0"

workerpool@6.2.0:
  version "6.2.0"

wrap-ansi@^7.0.0:
  version "7.0.0"
  dependencies:
    ansi-styles "^4.0.0"
    string-width "^4.1.0"
    strip-ansi "^6.0.0"

wrappy@1:
  version "1.0.2"

y18n@^5.0.5:
  version "5.0.8"

yargs-parser@^20.2.2, yargs-parser@20.2.4:
  version "20.2.4"

yargs-parser@^21.1.1:
  version "21.1.1"

yargs-unparser@2.0.0:
  version "2.0.0"
  dependencies:
    camelcase "^6.0.0"
    decamelize "^4.0.0"
    flat "^5.0.2"
    is-plain-obj "^2.1.0"

yargs@^17.1.1:
  version "17.7.2"
  dependencies:
    cliui "^8.0.1"
    escalade "^3.1.1"
    get-caller-file "^2.0.5"
    require-directory "^2.1.1"
    string-width "^4.2.3"
    y18n "^5.0.5"
    yargs-parser "^21.1.1"

yargs@16.2.0:
  version "16.2.0"
  dependencies:
    cliui "^7.0.2"
    escalade "^3.1.1"
    get-caller-file "^2.0.5"
    require-directory "^2.1.1"
    string-width "^4.2.0"
    y18n "^5.0.5"
    yargs-parser "^20.2.2"

yn@3.1.1:
  version "3.1.1"

yocto-queue@^0.1.0:
  version "0.1.0"
